
Microsoft Visual Studio Solution File, Format Version 12.00
# Visual Studio Version 17
VisualStudioVersion = 17.7.34221.43
MinimumVisualStudioVersion = 10.0.40219.1
Project("{8BC9CEB8-8B4A-11D0-8D11-00A0C91BC942}") = "Project10", "Project10\Project10.vcxproj", "{BE0B3A5B-21E5-49B5-A4E0-54CB9F5DD9AD}"
EndProject
Global
	GlobalSection(SolutionConfigurationPlatforms) = preSolution
		Debug|x64 = Debug|x64
		Debug|x86 = Debug|x86
		Release|x64 = Release|x64
		Release|x86 = Release|x86
	EndGlobalSection
	GlobalSection(ProjectConfigurationPlatforms) = postSolution
		{BE0B3A5B-21E5-49B5-A4E0-54CB9F5DD9AD}.Debug|x64.ActiveCfg = Debug|x64
		{BE0B3A5B-21E5-49B5-A4E0-54CB9F5DD9AD}.Debug|x64.Build.0 = Debug|x64
		{BE0B3A5B-21E5-49B5-A4E0-54CB9F5DD9AD}.Debug|x86.ActiveCfg = Debug|Win32
		{BE0B3A5B-21E5-49B5-A4E0-54CB9F5DD9AD}.Debug|x86.Build.0 = Debug|Win32
		{BE0B3A5B-21E5-49B5-A4E0-54CB9F5DD9AD}.Release|x64.ActiveCfg = Release|x64
		{BE0B3A5B-21E5-49B5-A4E0-54CB9F5DD9AD}.Release|x64.Build.0 = Release|x64
		{BE0B3A5B-21E5-49B5-A4E0-54CB9F5DD9AD}.Release|x86.ActiveCfg = Release|Win32
		{BE0B3A5B-21E5-49B5-A4E0-54CB9F5DD9AD}.Release|x86.Build.0 = Release|Win32
	EndGlobalSection
	GlobalSection(SolutionProperties) = preSolution
		HideSolutionNode = FALSE
	EndGlobalSection
	GlobalSection(ExtensibilityGlobals) = postSolution
		SolutionGuid = {450E6FDB-8A2A-48B3-985D-25F3819143A1}
	EndGlobalSection
EndGlobal
